
Microsoft Visual Studio Solution File, Format Version 12.00
# Visual Studio 14
VisualStudioVersion = 14.0.23107.0
MinimumVisualStudioVersion = 10.0.40219.1
Project("{2150E333-8FDC-42A3-9474-1A3956D46DE8}") = "Solution Items", "Solution Items", "{0C3E0519-DB5C-47C0-ABB3-9D1FB23DFBAF}"
	ProjectSection(SolutionItems) = preProject
		src\AssemblyInfo.Shared.cs = src\AssemblyInfo.Shared.cs
		build\ChangeVersion.proj = build\ChangeVersion.proj
		build\RegexTransform.tasks = build\RegexTransform.tasks
		src\SonarQube.CodeAnalysis.ruleset = src\SonarQube.CodeAnalysis.ruleset
		build\Version.props = build\Version.props
	EndProjectSection
EndProject
Project("{FAE04EC0-301F-11D3-BF4B-00C04F79EFBC}") = "CodeAnalysis", "src\CSharp.CodeAnalysis\CodeAnalysis.csproj", "{D1AE804F-AE78-4883-B3D6-9E3C4026DEF6}"
EndProject
Project("{FAE04EC0-301F-11D3-BF4B-00C04F79EFBC}") = "CodeAnalysis.Extra", "src\CSharp.CodeAnalysis.Extra\CodeAnalysis.Extra.csproj", "{4C1BB6CE-645F-400B-B491-AF7BB40E5C01}"
EndProject
Project("{FAE04EC0-301F-11D3-BF4B-00C04F79EFBC}") = "CodeAnalysis.Vsix", "src\CSharp.CodeAnalysis.Vsix\CodeAnalysis.Vsix.csproj", "{9D2DF65B-8BB4-4F85-8B71-C4B636513EF3}"
EndProject
Project("{2150E333-8FDC-42A3-9474-1A3956D46DE8}") = "Tests", "Tests", "{B7233F78-E142-4882-B084-7C83BE472109}"
EndProject
Project("{FAE04EC0-301F-11D3-BF4B-00C04F79EFBC}") = "CodeAnalysis.UnitTest", "src\Tests\CSharp.CodeAnalysis.UnitTest\CodeAnalysis.UnitTest.csproj", "{4AC7D054-B645-46D7-9671-D666BCE0C745}"
EndProject
Project("{FAE04EC0-301F-11D3-BF4B-00C04F79EFBC}") = "CodeAnalysis.Common", "src\CSharp.CodeAnalysis.Common\CodeAnalysis.Common.csproj", "{741C2442-0401-4B83-8527-8C4D3BBC0E1C}"
EndProject
Project("{FAE04EC0-301F-11D3-BF4B-00C04F79EFBC}") = "CodeAnalysis.DocGenerator", "src\CSharp.CodeAnalysis.DocGenerator\CodeAnalysis.DocGenerator.csproj", "{98EF48F7-28D7-44CA-8C7F-6042EA4898E1}"
EndProject
Project("{FAE04EC0-301F-11D3-BF4B-00C04F79EFBC}") = "CodeAnalysis.Common.UnitTest", "src\Tests\CSharp.CodeAnalysis.Common.UnitTest\CodeAnalysis.Common.UnitTest.csproj", "{E9928898-2650-4F7C-801C-F28B326516F2}"
EndProject
Global
	GlobalSection(SolutionConfigurationPlatforms) = preSolution
		Debug|Any CPU = Debug|Any CPU
		Release|Any CPU = Release|Any CPU
	EndGlobalSection
	GlobalSection(ProjectConfigurationPlatforms) = postSolution
		{D1AE804F-AE78-4883-B3D6-9E3C4026DEF6}.Debug|Any CPU.ActiveCfg = Debug|Any CPU
		{D1AE804F-AE78-4883-B3D6-9E3C4026DEF6}.Debug|Any CPU.Build.0 = Debug|Any CPU
		{D1AE804F-AE78-4883-B3D6-9E3C4026DEF6}.Release|Any CPU.ActiveCfg = Release|Any CPU
		{D1AE804F-AE78-4883-B3D6-9E3C4026DEF6}.Release|Any CPU.Build.0 = Release|Any CPU
		{4C1BB6CE-645F-400B-B491-AF7BB40E5C01}.Debug|Any CPU.ActiveCfg = Debug|Any CPU
		{4C1BB6CE-645F-400B-B491-AF7BB40E5C01}.Debug|Any CPU.Build.0 = Debug|Any CPU
		{4C1BB6CE-645F-400B-B491-AF7BB40E5C01}.Release|Any CPU.ActiveCfg = Release|Any CPU
		{4C1BB6CE-645F-400B-B491-AF7BB40E5C01}.Release|Any CPU.Build.0 = Release|Any CPU
		{9D2DF65B-8BB4-4F85-8B71-C4B636513EF3}.Debug|Any CPU.ActiveCfg = Debug|Any CPU
		{9D2DF65B-8BB4-4F85-8B71-C4B636513EF3}.Debug|Any CPU.Build.0 = Debug|Any CPU
		{9D2DF65B-8BB4-4F85-8B71-C4B636513EF3}.Release|Any CPU.ActiveCfg = Release|Any CPU
		{9D2DF65B-8BB4-4F85-8B71-C4B636513EF3}.Release|Any CPU.Build.0 = Release|Any CPU
		{4AC7D054-B645-46D7-9671-D666BCE0C745}.Debug|Any CPU.ActiveCfg = Debug|Any CPU
		{4AC7D054-B645-46D7-9671-D666BCE0C745}.Debug|Any CPU.Build.0 = Debug|Any CPU
		{4AC7D054-B645-46D7-9671-D666BCE0C745}.Release|Any CPU.ActiveCfg = Release|Any CPU
		{4AC7D054-B645-46D7-9671-D666BCE0C745}.Release|Any CPU.Build.0 = Release|Any CPU
		{741C2442-0401-4B83-8527-8C4D3BBC0E1C}.Debug|Any CPU.ActiveCfg = Debug|Any CPU
		{741C2442-0401-4B83-8527-8C4D3BBC0E1C}.Debug|Any CPU.Build.0 = Debug|Any CPU
		{741C2442-0401-4B83-8527-8C4D3BBC0E1C}.Release|Any CPU.ActiveCfg = Release|Any CPU
		{741C2442-0401-4B83-8527-8C4D3BBC0E1C}.Release|Any CPU.Build.0 = Release|Any CPU
		{98EF48F7-28D7-44CA-8C7F-6042EA4898E1}.Debug|Any CPU.ActiveCfg = Debug|Any CPU
		{98EF48F7-28D7-44CA-8C7F-6042EA4898E1}.Debug|Any CPU.Build.0 = Debug|Any CPU
		{98EF48F7-28D7-44CA-8C7F-6042EA4898E1}.Release|Any CPU.ActiveCfg = Release|Any CPU
		{98EF48F7-28D7-44CA-8C7F-6042EA4898E1}.Release|Any CPU.Build.0 = Release|Any CPU
		{E9928898-2650-4F7C-801C-F28B326516F2}.Debug|Any CPU.ActiveCfg = Debug|Any CPU
		{E9928898-2650-4F7C-801C-F28B326516F2}.Debug|Any CPU.Build.0 = Debug|Any CPU
		{E9928898-2650-4F7C-801C-F28B326516F2}.Release|Any CPU.ActiveCfg = Release|Any CPU
		{E9928898-2650-4F7C-801C-F28B326516F2}.Release|Any CPU.Build.0 = Release|Any CPU
	EndGlobalSection
	GlobalSection(SolutionProperties) = preSolution
		HideSolutionNode = FALSE
	EndGlobalSection
	GlobalSection(NestedProjects) = preSolution
		{4AC7D054-B645-46D7-9671-D666BCE0C745} = {B7233F78-E142-4882-B084-7C83BE472109}
		{E9928898-2650-4F7C-801C-F28B326516F2} = {B7233F78-E142-4882-B084-7C83BE472109}
	EndGlobalSection
EndGlobal
